
Microsoft Visual Studio Solution File, Format Version 12.00
# Visual Studio Version 16
VisualStudioVersion = 16.0.29613.14
MinimumVisualStudioVersion = 10.0.40219.1
Project("{FAE04EC0-301F-11D3-BF4B-00C04F79EFBC}") = "L07_b05", "L07_b05.csproj", "{1F5EC9D3-C7C6-4F65-B0C7-655FCAA116A8}"
EndProject
Global
	GlobalSection(SolutionConfigurationPlatforms) = preSolution
		Debug|Any CPU = Debug|Any CPU
		Release|Any CPU = Release|Any CPU
	EndGlobalSection
	GlobalSection(ProjectConfigurationPlatforms) = postSolution
		{1F5EC9D3-C7C6-4F65-B0C7-655FCAA116A8}.Debug|Any CPU.ActiveCfg = Debug|Any CPU
		{1F5EC9D3-C7C6-4F65-B0C7-655FCAA116A8}.Debug|Any CPU.Build.0 = Debug|Any CPU
		{1F5EC9D3-C7C6-4F65-B0C7-655FCAA116A8}.Release|Any CPU.ActiveCfg = Release|Any CPU
		{1F5EC9D3-C7C6-4F65-B0C7-655FCAA116A8}.Release|Any CPU.Build.0 = Release|Any CPU
	EndGlobalSection
	GlobalSection(SolutionProperties) = preSolution
		HideSolutionNode = FALSE
	EndGlobalSection
	GlobalSection(ExtensibilityGlobals) = postSolution
		SolutionGuid = {68C0C170-2841-48D8-BA8F-EAD38A7FDD80}
	EndGlobalSection
EndGlobal
