
Microsoft Visual Studio Solution File, Format Version 12.00
# Visual Studio Version 16
VisualStudioVersion = 16.0.29613.14
MinimumVisualStudioVersion = 10.0.40219.1
Project("{FAE04EC0-301F-11D3-BF4B-00C04F79EFBC}") = "l07_b04", "l07_b04.csproj", "{8922BA98-87D1-4689-8F97-C2BF79B31CFC}"
EndProject
Global
	GlobalSection(SolutionConfigurationPlatforms) = preSolution
		Debug|Any CPU = Debug|Any CPU
		Release|Any CPU = Release|Any CPU
	EndGlobalSection
	GlobalSection(ProjectConfigurationPlatforms) = postSolution
		{8922BA98-87D1-4689-8F97-C2BF79B31CFC}.Debug|Any CPU.ActiveCfg = Debug|Any CPU
		{8922BA98-87D1-4689-8F97-C2BF79B31CFC}.Debug|Any CPU.Build.0 = Debug|Any CPU
		{8922BA98-87D1-4689-8F97-C2BF79B31CFC}.Release|Any CPU.ActiveCfg = Release|Any CPU
		{8922BA98-87D1-4689-8F97-C2BF79B31CFC}.Release|Any CPU.Build.0 = Release|Any CPU
	EndGlobalSection
	GlobalSection(SolutionProperties) = preSolution
		HideSolutionNode = FALSE
	EndGlobalSection
	GlobalSection(ExtensibilityGlobals) = postSolution
		SolutionGuid = {B75521AD-A10B-4FEE-9932-3E9EB2A03F21}
	EndGlobalSection
EndGlobal
