
Microsoft Visual Studio Solution File, Format Version 12.00
# Visual Studio Version 16
VisualStudioVersion = 16.0.29613.14
MinimumVisualStudioVersion = 10.0.40219.1
Project("{FAE04EC0-301F-11D3-BF4B-00C04F79EFBC}") = "l06_03", "l06_03.csproj", "{09C4F8C7-E155-472A-9D76-656163A62018}"
EndProject
Global
	GlobalSection(SolutionConfigurationPlatforms) = preSolution
		Debug|Any CPU = Debug|Any CPU
		Release|Any CPU = Release|Any CPU
	EndGlobalSection
	GlobalSection(ProjectConfigurationPlatforms) = postSolution
		{09C4F8C7-E155-472A-9D76-656163A62018}.Debug|Any CPU.ActiveCfg = Debug|Any CPU
		{09C4F8C7-E155-472A-9D76-656163A62018}.Debug|Any CPU.Build.0 = Debug|Any CPU
		{09C4F8C7-E155-472A-9D76-656163A62018}.Release|Any CPU.ActiveCfg = Release|Any CPU
		{09C4F8C7-E155-472A-9D76-656163A62018}.Release|Any CPU.Build.0 = Release|Any CPU
	EndGlobalSection
	GlobalSection(SolutionProperties) = preSolution
		HideSolutionNode = FALSE
	EndGlobalSection
	GlobalSection(ExtensibilityGlobals) = postSolution
		SolutionGuid = {D46DE1DD-24C6-4963-A13E-CE441112637C}
	EndGlobalSection
EndGlobal
