
Microsoft Visual Studio Solution File, Format Version 12.00
# Visual Studio Version 17
VisualStudioVersion = 17.3.32901.215
MinimumVisualStudioVersion = 10.0.40219.1
Project("{FAE04EC0-301F-11D3-BF4B-00C04F79EFBC}") = "Visual_Final_Assignment", "Visual_Final_Assignment\Visual_Final_Assignment.csproj", "{01415E52-492F-46B3-8B2C-EA278F2DA763}"
EndProject
Global
	GlobalSection(SolutionConfigurationPlatforms) = preSolution
		Debug|Any CPU = Debug|Any CPU
		Release|Any CPU = Release|Any CPU
	EndGlobalSection
	GlobalSection(ProjectConfigurationPlatforms) = postSolution
		{01415E52-492F-46B3-8B2C-EA278F2DA763}.Debug|Any CPU.ActiveCfg = Debug|Any CPU
		{01415E52-492F-46B3-8B2C-EA278F2DA763}.Debug|Any CPU.Build.0 = Debug|Any CPU
		{01415E52-492F-46B3-8B2C-EA278F2DA763}.Release|Any CPU.ActiveCfg = Release|Any CPU
		{01415E52-492F-46B3-8B2C-EA278F2DA763}.Release|Any CPU.Build.0 = Release|Any CPU
	EndGlobalSection
	GlobalSection(SolutionProperties) = preSolution
		HideSolutionNode = FALSE
	EndGlobalSection
	GlobalSection(ExtensibilityGlobals) = postSolution
		SolutionGuid = {C2E189DD-51D4-4C05-9DB0-F9A6E021231B}
	EndGlobalSection
EndGlobal
