
Microsoft Visual Studio Solution File, Format Version 12.00
# Visual Studio Version 17
VisualStudioVersion = 17.3.32901.215
MinimumVisualStudioVersion = 10.0.40219.1
Project("{FAE04EC0-301F-11D3-BF4B-00C04F79EFBC}") = "l02_04-08", "l02_04-08\l02_04-08.csproj", "{69891D2C-47F7-4A70-90B8-251E866FAD76}"
EndProject
Global
	GlobalSection(SolutionConfigurationPlatforms) = preSolution
		Debug|Any CPU = Debug|Any CPU
		Release|Any CPU = Release|Any CPU
	EndGlobalSection
	GlobalSection(ProjectConfigurationPlatforms) = postSolution
		{69891D2C-47F7-4A70-90B8-251E866FAD76}.Debug|Any CPU.ActiveCfg = Debug|Any CPU
		{69891D2C-47F7-4A70-90B8-251E866FAD76}.Debug|Any CPU.Build.0 = Debug|Any CPU
		{69891D2C-47F7-4A70-90B8-251E866FAD76}.Release|Any CPU.ActiveCfg = Release|Any CPU
		{69891D2C-47F7-4A70-90B8-251E866FAD76}.Release|Any CPU.Build.0 = Release|Any CPU
	EndGlobalSection
	GlobalSection(SolutionProperties) = preSolution
		HideSolutionNode = FALSE
	EndGlobalSection
	GlobalSection(ExtensibilityGlobals) = postSolution
		SolutionGuid = {A9219036-49B7-4D4E-BBBB-9B8E17CB327C}
	EndGlobalSection
EndGlobal
