
Microsoft Visual Studio Solution File, Format Version 12.00
# Visual Studio Version 16
VisualStudioVersion = 16.0.29613.14
MinimumVisualStudioVersion = 10.0.40219.1
Project("{FAE04EC0-301F-11D3-BF4B-00C04F79EFBC}") = "l6_05", "l6_05.csproj", "{67F03776-DD77-4E48-947A-987740053AC4}"
EndProject
Global
	GlobalSection(SolutionConfigurationPlatforms) = preSolution
		Debug|Any CPU = Debug|Any CPU
		Release|Any CPU = Release|Any CPU
	EndGlobalSection
	GlobalSection(ProjectConfigurationPlatforms) = postSolution
		{67F03776-DD77-4E48-947A-987740053AC4}.Debug|Any CPU.ActiveCfg = Debug|Any CPU
		{67F03776-DD77-4E48-947A-987740053AC4}.Debug|Any CPU.Build.0 = Debug|Any CPU
		{67F03776-DD77-4E48-947A-987740053AC4}.Release|Any CPU.ActiveCfg = Release|Any CPU
		{67F03776-DD77-4E48-947A-987740053AC4}.Release|Any CPU.Build.0 = Release|Any CPU
	EndGlobalSection
	GlobalSection(SolutionProperties) = preSolution
		HideSolutionNode = FALSE
	EndGlobalSection
	GlobalSection(ExtensibilityGlobals) = postSolution
		SolutionGuid = {981052F4-ECCF-4C26-86BE-14DAC32030D1}
	EndGlobalSection
EndGlobal
