
Microsoft Visual Studio Solution File, Format Version 12.00
# Visual Studio Version 16
VisualStudioVersion = 16.0.29613.14
MinimumVisualStudioVersion = 10.0.40219.1
Project("{FAE04EC0-301F-11D3-BF4B-00C04F79EFBC}") = "l02_04-04", "l02_04-04\l02_04-04.csproj", "{4D8F0FA4-D468-471C-9AAC-52A75F451A42}"
EndProject
Global
	GlobalSection(SolutionConfigurationPlatforms) = preSolution
		Debug|Any CPU = Debug|Any CPU
		Release|Any CPU = Release|Any CPU
	EndGlobalSection
	GlobalSection(ProjectConfigurationPlatforms) = postSolution
		{4D8F0FA4-D468-471C-9AAC-52A75F451A42}.Debug|Any CPU.ActiveCfg = Debug|Any CPU
		{4D8F0FA4-D468-471C-9AAC-52A75F451A42}.Debug|Any CPU.Build.0 = Debug|Any CPU
		{4D8F0FA4-D468-471C-9AAC-52A75F451A42}.Release|Any CPU.ActiveCfg = Release|Any CPU
		{4D8F0FA4-D468-471C-9AAC-52A75F451A42}.Release|Any CPU.Build.0 = Release|Any CPU
	EndGlobalSection
	GlobalSection(SolutionProperties) = preSolution
		HideSolutionNode = FALSE
	EndGlobalSection
	GlobalSection(ExtensibilityGlobals) = postSolution
		SolutionGuid = {8B26C38D-2D2B-43B0-A38B-ABE34DBBF4DE}
	EndGlobalSection
EndGlobal
