
Microsoft Visual Studio Solution File, Format Version 12.00
# Visual Studio Version 16
VisualStudioVersion = 16.0.29613.14
MinimumVisualStudioVersion = 10.0.40219.1
Project("{FAE04EC0-301F-11D3-BF4B-00C04F79EFBC}") = "l02_04-02", "l02_04-02\l02_04-02.csproj", "{365E6068-AADB-4DBF-813C-C6C6A6B68C89}"
EndProject
Global
	GlobalSection(SolutionConfigurationPlatforms) = preSolution
		Debug|Any CPU = Debug|Any CPU
		Release|Any CPU = Release|Any CPU
	EndGlobalSection
	GlobalSection(ProjectConfigurationPlatforms) = postSolution
		{365E6068-AADB-4DBF-813C-C6C6A6B68C89}.Debug|Any CPU.ActiveCfg = Debug|Any CPU
		{365E6068-AADB-4DBF-813C-C6C6A6B68C89}.Debug|Any CPU.Build.0 = Debug|Any CPU
		{365E6068-AADB-4DBF-813C-C6C6A6B68C89}.Release|Any CPU.ActiveCfg = Release|Any CPU
		{365E6068-AADB-4DBF-813C-C6C6A6B68C89}.Release|Any CPU.Build.0 = Release|Any CPU
	EndGlobalSection
	GlobalSection(SolutionProperties) = preSolution
		HideSolutionNode = FALSE
	EndGlobalSection
	GlobalSection(ExtensibilityGlobals) = postSolution
		SolutionGuid = {0E4D0D36-F5AD-4365-8061-4DFF0FA0FA6D}
	EndGlobalSection
EndGlobal
