
Microsoft Visual Studio Solution File, Format Version 12.00
# Visual Studio Version 17
VisualStudioVersion = 17.3.32901.215
MinimumVisualStudioVersion = 10.0.40219.1
Project("{FAE04EC0-301F-11D3-BF4B-00C04F79EFBC}") = "l01_08", "l01_08\l01_08.csproj", "{53D1F6B5-F4DF-48AC-AAB4-BDEB7E27B817}"
EndProject
Global
	GlobalSection(SolutionConfigurationPlatforms) = preSolution
		Debug|Any CPU = Debug|Any CPU
		Release|Any CPU = Release|Any CPU
	EndGlobalSection
	GlobalSection(ProjectConfigurationPlatforms) = postSolution
		{53D1F6B5-F4DF-48AC-AAB4-BDEB7E27B817}.Debug|Any CPU.ActiveCfg = Debug|Any CPU
		{53D1F6B5-F4DF-48AC-AAB4-BDEB7E27B817}.Debug|Any CPU.Build.0 = Debug|Any CPU
		{53D1F6B5-F4DF-48AC-AAB4-BDEB7E27B817}.Release|Any CPU.ActiveCfg = Release|Any CPU
		{53D1F6B5-F4DF-48AC-AAB4-BDEB7E27B817}.Release|Any CPU.Build.0 = Release|Any CPU
	EndGlobalSection
	GlobalSection(SolutionProperties) = preSolution
		HideSolutionNode = FALSE
	EndGlobalSection
	GlobalSection(ExtensibilityGlobals) = postSolution
		SolutionGuid = {FF259631-FD45-4CDD-91F9-B47C897982C8}
	EndGlobalSection
EndGlobal
