
Microsoft Visual Studio Solution File, Format Version 12.00
# Visual Studio Version 16
VisualStudioVersion = 16.0.29613.14
MinimumVisualStudioVersion = 10.0.40219.1
Project("{FAE04EC0-301F-11D3-BF4B-00C04F79EFBC}") = "lab-test-01_08", "lab-test-01_08.csproj", "{E65E0DF1-7320-4B3C-AAB8-9DF4F27E22D9}"
EndProject
Global
	GlobalSection(SolutionConfigurationPlatforms) = preSolution
		Debug|Any CPU = Debug|Any CPU
		Release|Any CPU = Release|Any CPU
	EndGlobalSection
	GlobalSection(ProjectConfigurationPlatforms) = postSolution
		{E65E0DF1-7320-4B3C-AAB8-9DF4F27E22D9}.Debug|Any CPU.ActiveCfg = Debug|Any CPU
		{E65E0DF1-7320-4B3C-AAB8-9DF4F27E22D9}.Debug|Any CPU.Build.0 = Debug|Any CPU
		{E65E0DF1-7320-4B3C-AAB8-9DF4F27E22D9}.Release|Any CPU.ActiveCfg = Release|Any CPU
		{E65E0DF1-7320-4B3C-AAB8-9DF4F27E22D9}.Release|Any CPU.Build.0 = Release|Any CPU
	EndGlobalSection
	GlobalSection(SolutionProperties) = preSolution
		HideSolutionNode = FALSE
	EndGlobalSection
	GlobalSection(ExtensibilityGlobals) = postSolution
		SolutionGuid = {A47A0EC4-23E0-476F-847D-2E6A8AD23C27}
	EndGlobalSection
EndGlobal
