
Microsoft Visual Studio Solution File, Format Version 12.00
# Visual Studio Version 16
VisualStudioVersion = 16.0.29613.14
MinimumVisualStudioVersion = 10.0.40219.1
Project("{FAE04EC0-301F-11D3-BF4B-00C04F79EFBC}") = "l06_02", "l06_02.csproj", "{314941EE-57E5-47E9-84D0-A6C9A40C1F4E}"
EndProject
Global
	GlobalSection(SolutionConfigurationPlatforms) = preSolution
		Debug|Any CPU = Debug|Any CPU
		Release|Any CPU = Release|Any CPU
	EndGlobalSection
	GlobalSection(ProjectConfigurationPlatforms) = postSolution
		{314941EE-57E5-47E9-84D0-A6C9A40C1F4E}.Debug|Any CPU.ActiveCfg = Debug|Any CPU
		{314941EE-57E5-47E9-84D0-A6C9A40C1F4E}.Debug|Any CPU.Build.0 = Debug|Any CPU
		{314941EE-57E5-47E9-84D0-A6C9A40C1F4E}.Release|Any CPU.ActiveCfg = Release|Any CPU
		{314941EE-57E5-47E9-84D0-A6C9A40C1F4E}.Release|Any CPU.Build.0 = Release|Any CPU
	EndGlobalSection
	GlobalSection(SolutionProperties) = preSolution
		HideSolutionNode = FALSE
	EndGlobalSection
	GlobalSection(ExtensibilityGlobals) = postSolution
		SolutionGuid = {CDEC7C83-E485-4469-BB2B-E1C89455553F}
	EndGlobalSection
EndGlobal
