
Microsoft Visual Studio Solution File, Format Version 12.00
# Visual Studio Version 16
VisualStudioVersion = 16.0.29613.14
MinimumVisualStudioVersion = 10.0.40219.1
Project("{FAE04EC0-301F-11D3-BF4B-00C04F79EFBC}") = "l02_01", "l02_01\l02_01.csproj", "{FF82ECBF-3E5F-4A3F-9414-4AA80078CF90}"
EndProject
Global
	GlobalSection(SolutionConfigurationPlatforms) = preSolution
		Debug|Any CPU = Debug|Any CPU
		Release|Any CPU = Release|Any CPU
	EndGlobalSection
	GlobalSection(ProjectConfigurationPlatforms) = postSolution
		{FF82ECBF-3E5F-4A3F-9414-4AA80078CF90}.Debug|Any CPU.ActiveCfg = Debug|Any CPU
		{FF82ECBF-3E5F-4A3F-9414-4AA80078CF90}.Debug|Any CPU.Build.0 = Debug|Any CPU
		{FF82ECBF-3E5F-4A3F-9414-4AA80078CF90}.Release|Any CPU.ActiveCfg = Release|Any CPU
		{FF82ECBF-3E5F-4A3F-9414-4AA80078CF90}.Release|Any CPU.Build.0 = Release|Any CPU
	EndGlobalSection
	GlobalSection(SolutionProperties) = preSolution
		HideSolutionNode = FALSE
	EndGlobalSection
	GlobalSection(ExtensibilityGlobals) = postSolution
		SolutionGuid = {40C02250-9602-4917-8EA4-29B9056D2930}
	EndGlobalSection
EndGlobal
