
Microsoft Visual Studio Solution File, Format Version 12.00
# Visual Studio Version 16
VisualStudioVersion = 16.0.29613.14
MinimumVisualStudioVersion = 10.0.40219.1
Project("{FAE04EC0-301F-11D3-BF4B-00C04F79EFBC}") = "l06_05", "l06_05.csproj", "{0BF697CC-25FA-4842-94EB-0E22D2A3BAED}"
EndProject
Global
	GlobalSection(SolutionConfigurationPlatforms) = preSolution
		Debug|Any CPU = Debug|Any CPU
		Release|Any CPU = Release|Any CPU
	EndGlobalSection
	GlobalSection(ProjectConfigurationPlatforms) = postSolution
		{0BF697CC-25FA-4842-94EB-0E22D2A3BAED}.Debug|Any CPU.ActiveCfg = Debug|Any CPU
		{0BF697CC-25FA-4842-94EB-0E22D2A3BAED}.Debug|Any CPU.Build.0 = Debug|Any CPU
		{0BF697CC-25FA-4842-94EB-0E22D2A3BAED}.Release|Any CPU.ActiveCfg = Release|Any CPU
		{0BF697CC-25FA-4842-94EB-0E22D2A3BAED}.Release|Any CPU.Build.0 = Release|Any CPU
	EndGlobalSection
	GlobalSection(SolutionProperties) = preSolution
		HideSolutionNode = FALSE
	EndGlobalSection
	GlobalSection(ExtensibilityGlobals) = postSolution
		SolutionGuid = {4F4F4E9B-1090-4905-BD1B-E546544CE241}
	EndGlobalSection
EndGlobal
