
Microsoft Visual Studio Solution File, Format Version 12.00
# Visual Studio Version 16
VisualStudioVersion = 16.0.29613.14
MinimumVisualStudioVersion = 10.0.40219.1
Project("{FAE04EC0-301F-11D3-BF4B-00C04F79EFBC}") = "l06_03", "l06_03.csproj", "{D029291B-4673-4D5A-9387-88CD1D776B1E}"
EndProject
Global
	GlobalSection(SolutionConfigurationPlatforms) = preSolution
		Debug|Any CPU = Debug|Any CPU
		Release|Any CPU = Release|Any CPU
	EndGlobalSection
	GlobalSection(ProjectConfigurationPlatforms) = postSolution
		{D029291B-4673-4D5A-9387-88CD1D776B1E}.Debug|Any CPU.ActiveCfg = Debug|Any CPU
		{D029291B-4673-4D5A-9387-88CD1D776B1E}.Debug|Any CPU.Build.0 = Debug|Any CPU
		{D029291B-4673-4D5A-9387-88CD1D776B1E}.Release|Any CPU.ActiveCfg = Release|Any CPU
		{D029291B-4673-4D5A-9387-88CD1D776B1E}.Release|Any CPU.Build.0 = Release|Any CPU
	EndGlobalSection
	GlobalSection(SolutionProperties) = preSolution
		HideSolutionNode = FALSE
	EndGlobalSection
	GlobalSection(ExtensibilityGlobals) = postSolution
		SolutionGuid = {6C78664F-423E-4151-8DA6-F386770DE89C}
	EndGlobalSection
EndGlobal
